
Microsoft Visual Studio Solution File, Format Version 12.00
# Visual Studio Version 17
VisualStudioVersion = 17.0.31903.59
MinimumVisualStudioVersion = 10.0.40219.1
Project("{2150E333-8FDC-42A3-9474-1A3956D46DE8}") = "src", "src", "{46ED68BF-CB84-42F0-B2C2-07A68AF9BB47}"
EndProject
Project("{FAE04EC0-301F-11D3-BF4B-00C04F79EFBC}") = "LedKasa.Siparis", "src\LedKasa.Siparis\LedKasa.Siparis.csproj", "{1145D92B-55C8-4A1E-AA8F-383DE6630958}"
EndProject
Project("{2150E333-8FDC-42A3-9474-1A3956D46DE8}") = "tests", "tests", "{99ADF4DF-6096-445F-B08B-D4DD9D848D38}"
EndProject
Project("{FAE04EC0-301F-11D3-BF4B-00C04F79EFBC}") = "LedKasa.Siparis.Tests", "tests\LedKasa.Siparis.Tests\LedKasa.Siparis.Tests.csproj", "{594A05D5-A137-4652-B829-2754683F34C9}"
EndProject
Project("{FAE04EC0-301F-11D3-BF4B-00C04F79EFBC}") = "LedKasa.Siparis.Shared", "src\LedKasa.Siparis.Shared\LedKasa.Siparis.Shared.csproj", "{FDCD8686-148F-4A09-B181-53F1D0452022}"
EndProject
Project("{FAE04EC0-301F-11D3-BF4B-00C04F79EFBC}") = "LedKasa.Siparis.Catalog", "src\LedKasa.Siparis.Catalog\LedKasa.Siparis.Catalog.csproj", "{598BD61C-47FE-4324-9020-837452F7C3CD}"
EndProject
Project("{FAE04EC0-301F-11D3-BF4B-00C04F79EFBC}") = "LedKasa.Siparis.Orders", "src\LedKasa.Siparis.Orders\LedKasa.Siparis.Orders.csproj", "{89ED6C1A-C11F-41CB-BA7A-20952B20B943}"
EndProject
Project("{FAE04EC0-301F-11D3-BF4B-00C04F79EFBC}") = "LedKasa.Siparis.Reporting", "src\LedKasa.Siparis.Reporting\LedKasa.Siparis.Reporting.csproj", "{DD87E505-7762-487C-972B-3C5189561C76}"
EndProject
Project("{FAE04EC0-301F-11D3-BF4B-00C04F79EFBC}") = "LedKasa.Siparis.Users", "src\LedKasa.Siparis.Users\LedKasa.Siparis.Users.csproj", "{960B3260-3C45-47F3-8237-16DCA355E2AF}"
EndProject
Global
	GlobalSection(SolutionConfigurationPlatforms) = preSolution
		Debug|Any CPU = Debug|Any CPU
		Release|Any CPU = Release|Any CPU
	EndGlobalSection
	GlobalSection(SolutionProperties) = preSolution
		HideSolutionNode = FALSE
	EndGlobalSection
	GlobalSection(ProjectConfigurationPlatforms) = postSolution
		{1145D92B-55C8-4A1E-AA8F-383DE6630958}.Debug|Any CPU.ActiveCfg = Debug|Any CPU
		{1145D92B-55C8-4A1E-AA8F-383DE6630958}.Debug|Any CPU.Build.0 = Debug|Any CPU
		{1145D92B-55C8-4A1E-AA8F-383DE6630958}.Release|Any CPU.ActiveCfg = Release|Any CPU
		{1145D92B-55C8-4A1E-AA8F-383DE6630958}.Release|Any CPU.Build.0 = Release|Any CPU
		{594A05D5-A137-4652-B829-2754683F34C9}.Debug|Any CPU.ActiveCfg = Debug|Any CPU
		{594A05D5-A137-4652-B829-2754683F34C9}.Debug|Any CPU.Build.0 = Debug|Any CPU
		{594A05D5-A137-4652-B829-2754683F34C9}.Release|Any CPU.ActiveCfg = Release|Any CPU
		{594A05D5-A137-4652-B829-2754683F34C9}.Release|Any CPU.Build.0 = Release|Any CPU
		{FDCD8686-148F-4A09-B181-53F1D0452022}.Debug|Any CPU.ActiveCfg = Debug|Any CPU
		{FDCD8686-148F-4A09-B181-53F1D0452022}.Debug|Any CPU.Build.0 = Debug|Any CPU
		{FDCD8686-148F-4A09-B181-53F1D0452022}.Release|Any CPU.ActiveCfg = Release|Any CPU
		{FDCD8686-148F-4A09-B181-53F1D0452022}.Release|Any CPU.Build.0 = Release|Any CPU
		{598BD61C-47FE-4324-9020-837452F7C3CD}.Debug|Any CPU.ActiveCfg = Debug|Any CPU
		{598BD61C-47FE-4324-9020-837452F7C3CD}.Debug|Any CPU.Build.0 = Debug|Any CPU
		{598BD61C-47FE-4324-9020-837452F7C3CD}.Release|Any CPU.ActiveCfg = Release|Any CPU
		{598BD61C-47FE-4324-9020-837452F7C3CD}.Release|Any CPU.Build.0 = Release|Any CPU
		{89ED6C1A-C11F-41CB-BA7A-20952B20B943}.Debug|Any CPU.ActiveCfg = Debug|Any CPU
		{89ED6C1A-C11F-41CB-BA7A-20952B20B943}.Debug|Any CPU.Build.0 = Debug|Any CPU
		{89ED6C1A-C11F-41CB-BA7A-20952B20B943}.Release|Any CPU.ActiveCfg = Release|Any CPU
		{89ED6C1A-C11F-41CB-BA7A-20952B20B943}.Release|Any CPU.Build.0 = Release|Any CPU
		{DD87E505-7762-487C-972B-3C5189561C76}.Debug|Any CPU.ActiveCfg = Debug|Any CPU
		{DD87E505-7762-487C-972B-3C5189561C76}.Debug|Any CPU.Build.0 = Debug|Any CPU
		{DD87E505-7762-487C-972B-3C5189561C76}.Release|Any CPU.ActiveCfg = Release|Any CPU
		{DD87E505-7762-487C-972B-3C5189561C76}.Release|Any CPU.Build.0 = Release|Any CPU
		{960B3260-3C45-47F3-8237-16DCA355E2AF}.Debug|Any CPU.ActiveCfg = Debug|Any CPU
		{960B3260-3C45-47F3-8237-16DCA355E2AF}.Debug|Any CPU.Build.0 = Debug|Any CPU
		{960B3260-3C45-47F3-8237-16DCA355E2AF}.Release|Any CPU.ActiveCfg = Release|Any CPU
		{960B3260-3C45-47F3-8237-16DCA355E2AF}.Release|Any CPU.Build.0 = Release|Any CPU
	EndGlobalSection
	GlobalSection(NestedProjects) = preSolution
		{1145D92B-55C8-4A1E-AA8F-383DE6630958} = {46ED68BF-CB84-42F0-B2C2-07A68AF9BB47}
		{594A05D5-A137-4652-B829-2754683F34C9} = {99ADF4DF-6096-445F-B08B-D4DD9D848D38}
		{FDCD8686-148F-4A09-B181-53F1D0452022} = {46ED68BF-CB84-42F0-B2C2-07A68AF9BB47}
		{598BD61C-47FE-4324-9020-837452F7C3CD} = {46ED68BF-CB84-42F0-B2C2-07A68AF9BB47}
		{89ED6C1A-C11F-41CB-BA7A-20952B20B943} = {46ED68BF-CB84-42F0-B2C2-07A68AF9BB47}
		{DD87E505-7762-487C-972B-3C5189561C76} = {46ED68BF-CB84-42F0-B2C2-07A68AF9BB47}
		{960B3260-3C45-47F3-8237-16DCA355E2AF} = {46ED68BF-CB84-42F0-B2C2-07A68AF9BB47}
	EndGlobalSection
EndGlobal
